
Microsoft Visual Studio Solution File, Format Version 12.00
# Visual Studio Version 17
VisualStudioVersion = 17.11.35219.272
MinimumVisualStudioVersion = 10.0.40219.1
Project("{FAE04EC0-301F-11D3-BF4B-00C04F79EFBC}") = "sistemasVentas", "sistemasVentas\sistemasVentas.csproj", "{19638103-E27B-4146-8C43-18C9A6316450}"
EndProject
Global
	GlobalSection(SolutionConfigurationPlatforms) = preSolution
		Debug|Any CPU = Debug|Any CPU
		Release|Any CPU = Release|Any CPU
	EndGlobalSection
	GlobalSection(ProjectConfigurationPlatforms) = postSolution
		{19638103-E27B-4146-8C43-18C9A6316450}.Debug|Any CPU.ActiveCfg = Debug|Any CPU
		{19638103-E27B-4146-8C43-18C9A6316450}.Debug|Any CPU.Build.0 = Debug|Any CPU
		{19638103-E27B-4146-8C43-18C9A6316450}.Release|Any CPU.ActiveCfg = Release|Any CPU
		{19638103-E27B-4146-8C43-18C9A6316450}.Release|Any CPU.Build.0 = Release|Any CPU
	EndGlobalSection
	GlobalSection(SolutionProperties) = preSolution
		HideSolutionNode = FALSE
	EndGlobalSection
	GlobalSection(ExtensibilityGlobals) = postSolution
		SolutionGuid = {1F6BCCEE-839D-4832-B7F0-B39EAC0C930C}
	EndGlobalSection
EndGlobal
